
Microsoft Visual Studio Solution File, Format Version 12.00
# Visual Studio 15
VisualStudioVersion = 15.0.27004.2006
MinimumVisualStudioVersion = 10.0.40219.1
Project("{FAE04EC0-301F-11D3-BF4B-00C04F79EFBC}") = "SysVeterinaria", "SysVeterinaria\SysVeterinaria.csproj", "{9A424245-02BE-438A-AAE6-267D1C06C00F}"
EndProject
Project("{FAE04EC0-301F-11D3-BF4B-00C04F79EFBC}") = "AccesoDatos", "AccesoDatos\AccesoDatos.csproj", "{5A018845-8EE0-4EB1-9D81-B211D9174FB3}"
EndProject
Global
	GlobalSection(SolutionConfigurationPlatforms) = preSolution
		Debug|Any CPU = Debug|Any CPU
		Release|Any CPU = Release|Any CPU
	EndGlobalSection
	GlobalSection(ProjectConfigurationPlatforms) = postSolution
		{9A424245-02BE-438A-AAE6-267D1C06C00F}.Debug|Any CPU.ActiveCfg = Debug|Any CPU
		{9A424245-02BE-438A-AAE6-267D1C06C00F}.Debug|Any CPU.Build.0 = Debug|Any CPU
		{9A424245-02BE-438A-AAE6-267D1C06C00F}.Release|Any CPU.ActiveCfg = Release|Any CPU
		{9A424245-02BE-438A-AAE6-267D1C06C00F}.Release|Any CPU.Build.0 = Release|Any CPU
		{5A018845-8EE0-4EB1-9D81-B211D9174FB3}.Debug|Any CPU.ActiveCfg = Debug|Any CPU
		{5A018845-8EE0-4EB1-9D81-B211D9174FB3}.Debug|Any CPU.Build.0 = Debug|Any CPU
		{5A018845-8EE0-4EB1-9D81-B211D9174FB3}.Release|Any CPU.ActiveCfg = Release|Any CPU
		{5A018845-8EE0-4EB1-9D81-B211D9174FB3}.Release|Any CPU.Build.0 = Release|Any CPU
	EndGlobalSection
	GlobalSection(SolutionProperties) = preSolution
		HideSolutionNode = FALSE
	EndGlobalSection
	GlobalSection(ExtensibilityGlobals) = postSolution
		SolutionGuid = {BBC75D3C-74CF-4F2B-AE32-01015322B919}
	EndGlobalSection
EndGlobal
